
Microsoft Visual Studio Solution File, Format Version 11.00
# Visual Studio 2010
Project("{F184B08F-C81C-45F6-A57F-5ABD9991F28F}") = "Messenger", "Messenger\Messenger.vbproj", "{2A38B9D7-6A0B-44C6-B870-3667E710CAB1}"
EndProject
Project("{54435603-DBB4-11D2-8724-00A0C9A8B90C}") = "Messenger Setup", "Messenger Setup\Messenger Setup.vdproj", "{C81A280D-01BB-4B5A-8B65-70AD8BA94AD2}"
EndProject
Global
	GlobalSection(SolutionConfigurationPlatforms) = preSolution
		Debug|Any CPU = Debug|Any CPU
		Debug|Mixed Platforms = Debug|Mixed Platforms
		Debug|x86 = Debug|x86
		Release|Any CPU = Release|Any CPU
		Release|Mixed Platforms = Release|Mixed Platforms
		Release|x86 = Release|x86
	EndGlobalSection
	GlobalSection(ProjectConfigurationPlatforms) = postSolution
		{2A38B9D7-6A0B-44C6-B870-3667E710CAB1}.Debug|Any CPU.ActiveCfg = Debug|x86
		{2A38B9D7-6A0B-44C6-B870-3667E710CAB1}.Debug|Mixed Platforms.ActiveCfg = Debug|x86
		{2A38B9D7-6A0B-44C6-B870-3667E710CAB1}.Debug|Mixed Platforms.Build.0 = Debug|x86
		{2A38B9D7-6A0B-44C6-B870-3667E710CAB1}.Debug|x86.ActiveCfg = Debug|x86
		{2A38B9D7-6A0B-44C6-B870-3667E710CAB1}.Debug|x86.Build.0 = Debug|x86
		{2A38B9D7-6A0B-44C6-B870-3667E710CAB1}.Release|Any CPU.ActiveCfg = Release|x86
		{2A38B9D7-6A0B-44C6-B870-3667E710CAB1}.Release|Mixed Platforms.ActiveCfg = Release|x86
		{2A38B9D7-6A0B-44C6-B870-3667E710CAB1}.Release|Mixed Platforms.Build.0 = Release|x86
		{2A38B9D7-6A0B-44C6-B870-3667E710CAB1}.Release|x86.ActiveCfg = Release|x86
		{2A38B9D7-6A0B-44C6-B870-3667E710CAB1}.Release|x86.Build.0 = Release|x86
		{C81A280D-01BB-4B5A-8B65-70AD8BA94AD2}.Debug|Any CPU.ActiveCfg = Debug
		{C81A280D-01BB-4B5A-8B65-70AD8BA94AD2}.Debug|Mixed Platforms.ActiveCfg = Debug
		{C81A280D-01BB-4B5A-8B65-70AD8BA94AD2}.Debug|x86.ActiveCfg = Debug
		{C81A280D-01BB-4B5A-8B65-70AD8BA94AD2}.Release|Any CPU.ActiveCfg = Release
		{C81A280D-01BB-4B5A-8B65-70AD8BA94AD2}.Release|Mixed Platforms.ActiveCfg = Release
		{C81A280D-01BB-4B5A-8B65-70AD8BA94AD2}.Release|x86.ActiveCfg = Release
	EndGlobalSection
	GlobalSection(SolutionProperties) = preSolution
		HideSolutionNode = FALSE
	EndGlobalSection
EndGlobal
